github.com/caarlos0/testfs v0.4.4/go.mod h1:bRN55zgG4XCUVVHZCeU+/Tz1Q6AxEJOEJTliBy+1DMk=
github.com/davecgh/go-spew v1.1.0/go.mod h1:J7Y8YcW2NihsgmVo/mv3lAwl/skON4iLHjSsI+c5H38=
github.com/gobwas/glob v0.2.3 h1:A4xDbljILXROh+kObIiy5kIaPYD8e96x1tgBhUI5J+Y=
github.com/gobwas/glob v0.2.3/go.mod h1:d3Ez4x06l9bZtSvzIay5+Yzi0fmZzPgnTbPcKjJAkT8=
github.com/gooac/gooac v1.0.1 h1:YE/nBbIY/sRSIUlWwZhcv7buccil04DIsqinUqVgvbM=
github.com/gooac/gooac v1.0.1/go.mod h1:1vSyu+atcMB2baWJe3XNgRnWkEVEJ1O+/iXL7YVN3ss=
github.com/gooac/gooac v1.0.2-0.20220614082925-004094cba279 h1:n/RYAyWlgEMp2lKqasnoTXMVzuaQhqLTOAlX3Bx+WAo=
github.com/gooac/gooac v1.0.2-0.20220614082925-004094cba279/go.mod h1:1vSyu+atcMB2baWJe3XNgRnWkEVEJ1O+/iXL7YVN3ss=
github.com/gooac/gooac v1.0.2-0.20220614084208-a97ea564d9f5 h1:ktumFkXtjP14Rd4iNPn9OXhk+ZZm/1kuDQ6koVnQk38=
github.com/gooac/gooac v1.0.2-0.20220614084208-a97ea564d9f5/go.mod h1:1vSyu+atcMB2baWJe3XNgRnWkEVEJ1O+/iXL7YVN3ss=
github.com/gooac/gooac v1.0.2-0.20220614084631-eaafe95640dd h1:cr7lC2u/aGddfsApIJmQTZSLfNn2qjerF5NKnNz6/RM=
github.com/gooac/gooac v1.0.2-0.20220614084631-eaafe95640dd/go.mod h1:1vSyu+atcMB2baWJe3XNgRnWkEVEJ1O+/iXL7YVN3ss=
github.com/gooac/gooac v1.0.2-0.20220614130836-ed692caacd2a h1:KXNdxb0koXID0IC6iIantPWdiss2KfRX/jC30y+Jja0=
github.com/gooac/gooac v1.0.2-0.20220614130836-ed692caacd2a/go.mod h1:1vSyu+atcMB2baWJe3XNgRnWkEVEJ1O+/iXL7YVN3ss=
github.com/gooac/gooac v1.0.2-0.20220614131104-ffac2fe672c9 h1:AnLBAGxtlk+M7D9//56NZkVsDJriezNC/OTCjLl3R4E=
github.com/gooac/gooac v1.0.2-0.20220614131104-ffac2fe672c9/go.mod h1:1vSyu+atcMB2baWJe3XNgRnWkEVEJ1O+/iXL7YVN3ss=
github.com/gooac/gooac v1.0.2-0.20220614131922-1831c37e725f h1:0+3myc7zZB1bZm2NDcb9aZTe11rgIbtNnGlEvZcwF0w=
github.com/gooac/gooac v1.0.2-0.20220614131922-1831c37e725f/go.mod h1:1vSyu+atcMB2baWJe3XNgRnWkEVEJ1O+/iXL7YVN3ss=
github.com/goreleaser/fileglob v1.3.0 h1:/X6J7U8lbDpQtBvGcwwPS6OpzkNVlVEsFUVRx9+k+7I=
github.com/goreleaser/fileglob v1.3.0/go.mod h1:Jx6BoXv3mbYkEzwm9THo7xbr5egkAraxkGorbJb4RxU=
github.com/matryer/is v1.4.0/go.mod h1:8I/i5uYgLzgsgEloJE1U6xx5HkBQpAZvepWuujKwMRU=
github.com/pelletier/go-toml/v2 v2.0.2 h1:+jQXlF3scKIcSEKkdHzXhCTDLPFi5r1wnK6yPS+49Gw=
github.com/pelletier/go-toml/v2 v2.0.2/go.mod h1:MovirKjgVRESsAvNZlAjtFwV867yGuwRkXbG66OzopI=
github.com/pmezard/go-difflib v1.0.0/go.mod h1:iKH77koFhYxTK1pcRnkKkqfTogsbg7gZNVY4sRDYZ/4=
github.com/radovskyb/watcher v1.0.7 h1:AYePLih6dpmS32vlHfhCeli8127LzkIgwJGcwwe8tUE=
github.com/radovskyb/watcher v1.0.7/go.mod h1:78okwvY5wPdzcb1UYnip1pvrZNIVEIh/Cm+ZuvsUYIg=
github.com/stretchr/objx v0.1.0/go.mod h1:HFkY916IF+rwdDfMAkV7OtwuqBVzrE8GR6GFx+wExME=
github.com/stretchr/testify v1.7.2/go.mod h1:R6va5+xMeoiuVRoj+gSkQ7d3FALtqAAGI1FQKckRals=
gopkg.in/check.v1 v0.0.0-20161208181325-20d25e280405/go.mod h1:Co6ibVJAznAaIkqp8huTwlJQCZ016jof/cbN4VW5Yz0=
gopkg.in/yaml.v3 v3.0.1/go.mod h1:K4uyk7z7BCEPqu6E+C64Yfv1cQ7kz7rIZviUmN+EgEM=
